
Microsoft Visual Studio Solution File, Format Version 12.00
# Visual Studio Version 17
VisualStudioVersion = 17.4.33122.133
MinimumVisualStudioVersion = 10.0.40219.1
Project("{FAE04EC0-301F-11D3-BF4B-00C04F79EFBC}") = "GitViewReload", "GitViewReload\GitViewReload.csproj", "{16DDB82E-E65F-4B18-A001-C6DF4F87F706}"
EndProject
Global
	GlobalSection(SolutionConfigurationPlatforms) = preSolution
		Debug|Any CPU = Debug|Any CPU
		Release|Any CPU = Release|Any CPU
	EndGlobalSection
	GlobalSection(ProjectConfigurationPlatforms) = postSolution
		{16DDB82E-E65F-4B18-A001-C6DF4F87F706}.Debug|Any CPU.ActiveCfg = Debug|Any CPU
		{16DDB82E-E65F-4B18-A001-C6DF4F87F706}.Debug|Any CPU.Build.0 = Debug|Any CPU
		{16DDB82E-E65F-4B18-A001-C6DF4F87F706}.Release|Any CPU.ActiveCfg = Release|Any CPU
		{16DDB82E-E65F-4B18-A001-C6DF4F87F706}.Release|Any CPU.Build.0 = Release|Any CPU
	EndGlobalSection
	GlobalSection(SolutionProperties) = preSolution
		HideSolutionNode = FALSE
	EndGlobalSection
	GlobalSection(ExtensibilityGlobals) = postSolution
		SolutionGuid = {6354F5D3-A035-4593-B86E-5B506F9350A6}
	EndGlobalSection
EndGlobal
